<?xml version="1.0" encoding="utf-8"?>
<Project ToolsVersion="4.0" xmlns="http://schemas.microsoft.com/developer/msbuild/2003">
  <ItemGroup>
    <Filter Include="Source Files">
      <UniqueIdentifier>{4FC737F1-C7A5-4376-A066-2A32D752A2FF}</UniqueIdentifier>
      <Extensions>cpp;c;cc;cxx;def;odl;idl;hpj;bat;asm;asmx</Extensions>
    </Filter>
    <Filter Include="Header Files">
      <UniqueIdentifier>{93995380-89BD-4b04-88EB-625FBE52EBFB}</UniqueIdentifier>
      <Extensions>h;hh;hpp;hxx;hm;inl;inc;ipp;xsd</Extensions>
    </Filter>
    <Filter Include="Resource Files">
      <UniqueIdentifier>{67DA6AB6-F800-4c08-8B7A-83BB121AAD01}</UniqueIdentifier>
      <Extensions>rc;ico;cur;bmp;dlg;rc2;rct;bin;rgs;gif;jpg;jpeg;jpe;resx;tiff;tif;png;wav;mfcribbon-ms</Extensions>
    </Filter>
    <Filter Include="Source Files\core">
      <UniqueIdentifier>{0c18a5c2-048d-432a-a1eb-f747e4d5b5a5}</UniqueIdentifier>
    </Filter>
    <Filter Include="Header Files\core">
      <UniqueIdentifier>{c020d2e0-b7a2-4e67-adf0-636972ff791e}</UniqueIdentifier>
    </Filter>
    <Filter Include="Header Files\core\streams">
      <UniqueIdentifier>{a835ee9b-155e-4cd6-8950-8962f5fa5393}</UniqueIdentifier>
    </Filter>
    <Filter Include="Header Files\core\allocation">
      <UniqueIdentifier>{61bdb81e-7319-445d-86f7-d5cd7705c4c6}</UniqueIdentifier>
    </Filter>
    <Filter Include="Source Files\core\allocation">
      <UniqueIdentifier>{99c278a1-5f51-4cb0-8e5d-bfa36488b43d}</UniqueIdentifier>
    </Filter>
    <Filter Include="Source Files\core\streams">
      <UniqueIdentifier>{e078a885-f4f4-4b15-be06-d33fcf4c2788}</UniqueIdentifier>
    </Filter>
    <Filter Include="Header Files\core\logging">
      <UniqueIdentifier>{f378c24b-31f7-4be8-9410-7c0194cb02f9}</UniqueIdentifier>
    </Filter>
    <Filter Include="Source Files\core\logging">
      <UniqueIdentifier>{c69bdd01-ca28-499a-a9f6-710fb596126c}</UniqueIdentifier>
    </Filter>
    <Filter Include="Header Files\renderer">
      <UniqueIdentifier>{3e161f5c-07e3-4657-983b-6e42fd6c31d7}</UniqueIdentifier>
    </Filter>
    <Filter Include="Source Files\renderer">
      <UniqueIdentifier>{fbc0a20c-1a5f-4b68-800e-7d1058112603}</UniqueIdentifier>
    </Filter>
    <Filter Include="Source Files\renderer\abstraction">
      <UniqueIdentifier>{bb7a48b4-137c-43d0-92d0-33e194415edc}</UniqueIdentifier>
    </Filter>
    <Filter Include="Source Files\renderer\vulkan">
      <UniqueIdentifier>{7322f1d1-2fad-4298-b1d3-bba4bf8566d4}</UniqueIdentifier>
    </Filter>
    <Filter Include="Header Files\renderer\abstraction">
      <UniqueIdentifier>{2a939e19-a714-4419-8c46-3502860d9963}</UniqueIdentifier>
    </Filter>
    <Filter Include="Header Files\renderer\vulkan">
      <UniqueIdentifier>{7b8ac00a-6888-41cb-b812-557c459f3626}</UniqueIdentifier>
    </Filter>
    <Filter Include="Header Files\core\shapes">
      <UniqueIdentifier>{4cc53dd6-d6be-422b-9787-22497ec8b674}</UniqueIdentifier>
    </Filter>
    <Filter Include="Header Files\collections">
      <UniqueIdentifier>{54d33a38-1c7e-4f1b-a729-be1fce4abb2c}</UniqueIdentifier>
    </Filter>
  </ItemGroup>
  <ItemGroup>
    <ClInclude Include="stdafx.h">
      <Filter>Header Files</Filter>
    </ClInclude>
    <ClInclude Include="ferrous.h">
      <Filter>Header Files</Filter>
    </ClInclude>
    <ClInclude Include="settings.h">
      <Filter>Header Files</Filter>
    </ClInclude>
    <ClInclude Include="stream_file.h">
      <Filter>Header Files\core\streams</Filter>
    </ClInclude>
    <ClInclude Include="stream_reader.h">
      <Filter>Header Files\core\streams</Filter>
    </ClInclude>
    <ClInclude Include="stream_writer.h">
      <Filter>Header Files\core\streams</Filter>
    </ClInclude>
    <ClInclude Include="stream.h">
      <Filter>Header Files\core\streams</Filter>
    </ClInclude>
    <ClInclude Include="strings.h">
      <Filter>Header Files\core</Filter>
    </ClInclude>
    <ClInclude Include="allocation.h">
      <Filter>Header Files\core\allocation</Filter>
    </ClInclude>
    <ClInclude Include="game_time.h">
      <Filter>Header Files</Filter>
    </ClInclude>
    <ClInclude Include="localization.h">
      <Filter>Header Files\core</Filter>
    </ClInclude>
    <ClInclude Include="logging.h">
      <Filter>Header Files\core\logging</Filter>
    </ClInclude>
    <ClInclude Include="file.h">
      <Filter>Header Files\core</Filter>
    </ClInclude>
    <ClInclude Include="macros.h">
      <Filter>Header Files</Filter>
    </ClInclude>
    <ClInclude Include="color.h">
      <Filter>Header Files\core</Filter>
    </ClInclude>
    <ClInclude Include="allocation_stack.h">
      <Filter>Header Files\core\allocation</Filter>
    </ClInclude>
    <ClInclude Include="graphics_device.h">
      <Filter>Header Files\renderer\vulkan</Filter>
    </ClInclude>
    <ClInclude Include="display_output.h">
      <Filter>Header Files\renderer\abstraction</Filter>
    </ClInclude>
    <ClInclude Include="graphics_device.h">
      <Filter>Header Files\renderer\abstraction</Filter>
    </ClInclude>
    <ClInclude Include="circle.h">
      <Filter>Header Files\core\shapes</Filter>
    </ClInclude>
    <ClInclude Include="rect.h">
      <Filter>Header Files\core\shapes</Filter>
    </ClInclude>
    <ClInclude Include="shapes.h">
      <Filter>Header Files\core\shapes</Filter>
    </ClInclude>
    <ClInclude Include="shapes_common.h">
      <Filter>Header Files\core\shapes</Filter>
    </ClInclude>
    <ClInclude Include="line.h">
      <Filter>Header Files\core\shapes</Filter>
    </ClInclude>
    <ClInclude Include="triangle.h">
      <Filter>Header Files\core\shapes</Filter>
    </ClInclude>
    <ClInclude Include="shapes_setup.h">
      <Filter>Header Files\core\shapes</Filter>
    </ClInclude>
    <ClInclude Include="collection.h">
      <Filter>Header Files\collections</Filter>
    </ClInclude>
    <ClInclude Include="exceptions.h">
      <Filter>Header Files\core</Filter>
    </ClInclude>
    <ClInclude Include="list.h">
      <Filter>Header Files\collections</Filter>
    </ClInclude>
    <ClInclude Include="iterator_forward_range.h">
      <Filter>Header Files\core\allocation</Filter>
    </ClInclude>
    <ClInclude Include="logging_console.h">
      <Filter>Header Files\core\logging</Filter>
    </ClInclude>
    <ClInclude Include="logging_file.h">
      <Filter>Header Files\core\logging</Filter>
    </ClInclude>
    <ClInclude Include="stream_binary_reader.h">
      <Filter>Header Files\core\streams</Filter>
    </ClInclude>
    <ClInclude Include="stream_binary_writer.h">
      <Filter>Header Files\core\streams</Filter>
    </ClInclude>
    <ClInclude Include="stream_text_reader.h">
      <Filter>Header Files\core\streams</Filter>
    </ClInclude>
    <ClInclude Include="stream_text_writer.h">
      <Filter>Header Files\core\streams</Filter>
    </ClInclude>
  </ItemGroup>
  <ItemGroup>
    <ClCompile Include="DllMain.cpp">
      <Filter>Source Files</Filter>
    </ClCompile>
    <ClCompile Include="ferrous.cpp">
      <Filter>Source Files</Filter>
    </ClCompile>
    <ClCompile Include="strings_fe.cpp">
      <Filter>Source Files\core</Filter>
    </ClCompile>
    <ClCompile Include="strings_utf.cpp">
      <Filter>Source Files\core</Filter>
    </ClCompile>
    <ClCompile Include="stream.cpp">
      <Filter>Source Files\core\streams</Filter>
    </ClCompile>
    <ClCompile Include="stream_file.cpp">
      <Filter>Source Files\core\streams</Filter>
    </ClCompile>
    <ClCompile Include="stream_reader.cpp">
      <Filter>Source Files\core\streams</Filter>
    </ClCompile>
    <ClCompile Include="stream_writer.cpp">
      <Filter>Source Files\core\streams</Filter>
    </ClCompile>
    <ClCompile Include="allocation.cpp">
      <Filter>Source Files\core\allocation</Filter>
    </ClCompile>
    <ClCompile Include="allocation_memory.cpp">
      <Filter>Source Files\core\allocation</Filter>
    </ClCompile>
    <ClCompile Include="game_time.cpp">
      <Filter>Source Files</Filter>
    </ClCompile>
    <ClCompile Include="logging.cpp">
      <Filter>Source Files\core\logging</Filter>
    </ClCompile>
    <ClCompile Include="logging_console.cpp">
      <Filter>Source Files\core\logging</Filter>
    </ClCompile>
    <ClCompile Include="localization.cpp">
      <Filter>Source Files\core</Filter>
    </ClCompile>
    <ClCompile Include="file.cpp">
      <Filter>Source Files\core</Filter>
    </ClCompile>
    <ClCompile Include="file_global_info.cpp">
      <Filter>Source Files\core</Filter>
    </ClCompile>
    <ClCompile Include="color.cpp">
      <Filter>Source Files\core</Filter>
    </ClCompile>
    <ClCompile Include="allocation_stack.cpp">
      <Filter>Source Files\core\allocation</Filter>
    </ClCompile>
    <ClCompile Include="stream_text_writer.cpp">
      <Filter>Source Files\core\streams</Filter>
    </ClCompile>
    <ClCompile Include="stream_text_reader.cpp">
      <Filter>Source Files\core\streams</Filter>
    </ClCompile>
    <ClCompile Include="stream_binary_writer.cpp">
      <Filter>Source Files\core\streams</Filter>
    </ClCompile>
    <ClCompile Include="stream_binary_reader.cpp">
      <Filter>Source Files\core\streams</Filter>
    </ClCompile>
    <ClCompile Include="logging_file.cpp">
      <Filter>Source Files\core\logging</Filter>
    </ClCompile>
  </ItemGroup>
</Project>